{
    "_readme": [
        "This file locks the dependencies of your project to a known state",
        "Read more about it at https://getcomposer.org/doc/01-basic-usage.md#composer-lock-the-lock-file",
        "This file is @generated automatically"
    ],
    "content-hash": "a944c4c19931382f4a0fb63425075dc1",
    "packages": [
        {
            "name": "adodb/adodb-php",
            "version": "v5.20.9",
            "source": {
                "type": "git",
                "url": "https://github.com/ADOdb/ADOdb.git",
                "reference": "f601748cca1ccb86dfd427620a1692a70e681075"
            },
            "dist": {
                "type": "zip",
                "url": "https://api.github.com/repos/ADOdb/ADOdb/zipball/f601748cca1ccb86dfd427620a1692a70e681075",
                "reference": "f601748cca1ccb86dfd427620a1692a70e681075",
                "shasum": ""
            },
            "require": {
                "php": ">=5.3.2"
            },
            "type": "library",
            "autoload": {
                "files": [
                    "adodb.inc.php"
                ]
            },
            "notification-url": "https://packagist.org/downloads/",
            "license": [
                "BSD-3-Clause",
                "LGPL-2.1"
            ],
            "authors": [
                {
                    "name": "John Lim",
                    "email": "jlim@natsoft.com",
                    "role": "Author"
                },
                {
                    "name": "Damien Regad",
                    "role": "Current maintainer"
                },
                {
                    "name": "Mark Newnham",
                    "role": "Developer"
                }
            ],
            "description": "ADOdb is a PHP database abstraction layer library",
            "homepage": "http://adodb.org/",
            "keywords": [
                "abstraction",
                "database",
                "layer",
                "library",
                "php"
            ],
            "time": "2016-12-21T17:19:42+00:00"
        },
        {
            "name": "aura/installer-default",
            "version": "1.0.0",
            "source": {
                "type": "git",
                "url": "https://github.com/auraphp/installer-default.git",
                "reference": "52f8de3670cc1ef45a916f40f732937436d028c8"
            },
            "dist": {
                "type": "zip",
                "url": "https://api.github.com/repos/auraphp/installer-default/zipball/52f8de3670cc1ef45a916f40f732937436d028c8",
                "reference": "52f8de3670cc1ef45a916f40f732937436d028c8",
                "shasum": ""
            },
            "type": "composer-installer",
            "extra": {
                "class": "Aura\\Composer\\DefaultInstaller"
            },
            "autoload": {
                "psr-0": {
                    "Aura\\Composer\\": "src/"
                }
            },
            "notification-url": "https://packagist.org/downloads/",
            "license": [
                "BSD-2-Clause"
            ],
            "authors": [
                {
                    "name": "Paul M. Jones",
                    "email": "pmjones88@gmail.com",
                    "homepage": "http://paul-m-jones.com"
                }
            ],
            "description": "Installs Aura packages using the Composer defaults.",
            "keywords": [
                "aura",
                "installer"
            ],
            "time": "2012-11-26T21:35:57+00:00"
        },
        {
            "name": "aura/intl",
            "version": "1.1.1",
            "source": {
                "type": "git",
                "url": "https://github.com/auraphp/Aura.Intl.git",
                "reference": "c5fe620167550ad6fa77dd3570fba2efc77a2a21"
            },
            "dist": {
                "type": "zip",
                "url": "https://api.github.com/repos/auraphp/Aura.Intl/zipball/c5fe620167550ad6fa77dd3570fba2efc77a2a21",
                "reference": "c5fe620167550ad6fa77dd3570fba2efc77a2a21",
                "shasum": ""
            },
            "require": {
                "aura/installer-default": "1.0.*",
                "php": ">=5.4.0"
            },
            "type": "aura-package",
            "extra": {
                "aura": {
                    "type": "library",
                    "config": {
                        "common": "Aura\\Intl\\_Config\\Common"
                    }
                },
                "branch-alias": {
                    "dev-develop": "1.1.x-dev"
                }
            },
            "autoload": {
                "psr-0": {
                    "Aura\\Intl": "src/"
                },
                "psr-4": {
                    "Aura\\Intl\\_Config\\": "config/"
                }
            },
            "notification-url": "https://packagist.org/downloads/",
            "license": [
                "BSD-2-Clause"
            ],
            "authors": [
                {
                    "name": "Paul M. Jones",
                    "email": "pmjones88@gmail.com",
                    "homepage": "http://paul-m-jones.com"
                },
                {
                    "name": "Aura.Intl Contributors",
                    "homepage": "https://github.com/auraphp/Aura.Intl/contributors"
                },
                {
                    "name": "Pascal Borreli",
                    "email": "pascal@borreli.com"
                },
                {
                    "name": "Mapthegod",
                    "email": "mapthegod@gmail.com"
                },
                {
                    "name": "Jose Lorenzo Rodriguez",
                    "email": "jose.zap@gmail.com"
                }
            ],
            "description": "The Aura.Intl package provides internationalization (I18N) tools, specifically\npackage-oriented per-locale message translation.",
            "homepage": "http://auraphp.com/Aura.Intl",
            "keywords": [
                "g11n",
                "globalization",
                "i18n",
                "internationalization",
                "intl",
                "l10n",
                "localization"
            ],
            "time": "2014-08-24T00:00:00+00:00"
        },
        {
            "name": "cakephp/cakephp",
            "version": "3.0.1",
            "source": {
                "type": "git",
                "url": "https://github.com/cakephp/cakephp.git",
                "reference": "990eaa36f616e8476bf057a17564b57479a9be66"
            },
            "dist": {
                "type": "zip",
                "url": "https://api.github.com/repos/cakephp/cakephp/zipball/990eaa36f616e8476bf057a17564b57479a9be66",
                "reference": "990eaa36f616e8476bf057a17564b57479a9be66",
                "shasum": ""
            },
            "require": {
                "aura/intl": "1.1.*",
                "ext-intl": "*",
                "ext-mbstring": "*",
                "ircmaxell/password-compat": "1.0.*",
                "nesbot/carbon": "1.13.*",
                "php": ">=5.4.16",
                "psr/log": "1.0"
            },
            "replace": {
                "cakephp/cache": "self.version",
                "cakephp/collection": "self.version",
                "cakephp/core": "self.version",
                "cakephp/database": "self.version",
                "cakephp/datasource": "self.version",
                "cakephp/event": "self.version",
                "cakephp/i18n": "self.version",
                "cakephp/log": "self.version",
                "cakephp/orm": "self.version",
                "cakephp/utility": "self.version",
                "cakephp/validation": "self.version"
            },
            "require-dev": {
                "cakephp/cakephp-codesniffer": "dev-master",
                "phpunit/phpunit": "*"
            },
            "type": "library",
            "extra": {
                "branch-alias": {
                    "dev-master": "3.0.x-dev"
                }
            },
            "autoload": {
                "psr-4": {
                    "Cake\\": "src"
                },
                "files": [
                    "src/Core/functions.php",
                    "src/Collection/functions.php",
                    "src/I18n/functions.php",
                    "src/Utility/bootstrap.php"
                ]
            },
            "notification-url": "https://packagist.org/downloads/",
            "license": [
                "MIT"
            ],
            "authors": [
                {
                    "name": "CakePHP Community",
                    "homepage": "https://github.com/cakephp/cakephp/graphs/contributors"
                }
            ],
            "description": "The CakePHP framework",
            "homepage": "http://cakephp.org",
            "keywords": [
                "framework"
            ],
            "time": "2015-04-05T01:14:57+00:00"
        },
        {
            "name": "codeigniter/framework",
            "version": "3.0.1",
            "source": {
                "type": "git",
                "url": "https://github.com/bcit-ci/CodeIgniter.git",
                "reference": "aaa14814fcd98cbb7e53a306b67a4a28a797e17b"
            },
            "dist": {
                "type": "zip",
                "url": "https://api.github.com/repos/bcit-ci/CodeIgniter/zipball/aaa14814fcd98cbb7e53a306b67a4a28a797e17b",
                "reference": "aaa14814fcd98cbb7e53a306b67a4a28a797e17b",
                "shasum": ""
            },
            "require": {
                "php": ">=5.2.4"
            },
            "require-dev": {
                "mikey179/vfsstream": "1.1.*"
            },
            "type": "project",
            "notification-url": "https://packagist.org/downloads/",
            "license": [
                "MIT"
            ],
            "description": "The CodeIgniter framework",
            "homepage": "http://codeigniter.com",
            "time": "2015-08-07T11:31:33+00:00"
        },
        {
            "name": "components/bootstrap",
            "version": "3.3.7",
            "source": {
                "type": "git",
                "url": "https://github.com/components/bootstrap.git",
                "reference": "fe6e7683be66ba45a725816efdb51d4566733043"
            },
            "dist": {
                "type": "zip",
                "url": "https://api.github.com/repos/components/bootstrap/zipball/fe6e7683be66ba45a725816efdb51d4566733043",
                "reference": "fe6e7683be66ba45a725816efdb51d4566733043",
                "shasum": ""
            },
            "require": {
                "components/jquery": "1.9.1 - 3"
            },
            "suggest": {
                "components/bootstrap-default": "Provide a theme for Bootstrap as components/bootstrap only provides the CSS as file assets"
            },
            "type": "component",
            "extra": {
                "component": {
                    "scripts": [
                        "js/bootstrap.js"
                    ],
                    "files": [
                        "js/*.js",
                        "css/*.css",
                        "css/*.map",
                        "fonts/*",
                        "less/mixins/*.less",
                        "less/*.less"
                    ],
                    "shim": {
                        "deps": [
                            "jquery"
                        ]
                    }
                }
            },
            "notification-url": "https://packagist.org/downloads/",
            "license": [
                "MIT"
            ],
            "authors": [
                {
                    "name": "Jacob Thornton",
                    "email": "jacobthornton@gmail.com"
                },
                {
                    "name": "Mark Otto",
                    "email": "markdotto@gmail.com"
                }
            ],
            "description": "The most popular front-end framework for developing responsive, mobile first projects on the web.",
            "homepage": "http://getbootstrap.com",
            "keywords": [
                "css",
                "framework",
                "front-end",
                "less",
                "mobile-first",
                "responsive",
                "web"
            ],
            "time": "2016-07-26T05:59:20+00:00"
        },
        {
            "name": "components/jquery",
            "version": "3.3.1",
            "source": {
                "type": "git",
                "url": "https://github.com/components/jquery.git",
                "reference": "459648cda77875519c5da3ae1dd0ed5d170aa649"
            },
            "dist": {
                "type": "zip",
                "url": "https://api.github.com/repos/components/jquery/zipball/459648cda77875519c5da3ae1dd0ed5d170aa649",
                "reference": "459648cda77875519c5da3ae1dd0ed5d170aa649",
                "shasum": ""
            },
            "type": "component",
            "extra": {
                "component": {
                    "scripts": [
                        "jquery.js"
                    ],
                    "files": [
                        "jquery.min.js",
                        "jquery.min.map",
                        "jquery.slim.js",
                        "jquery.slim.min.js",
                        "jquery.slim.min.map"
                    ]
                }
            },
            "notification-url": "https://packagist.org/downloads/",
            "license": [
                "MIT"
            ],
            "authors": [
                {
                    "name": "JS Foundation and other contributors"
                }
            ],
            "description": "jQuery JavaScript Library",
            "homepage": "http://jquery.com",
            "time": "2018-03-04T13:23:48+00:00"
        },
        {
            "name": "eternicode/bootstrap-datepicker",
            "version": "v1.5.0-RC1",
            "source": {
                "type": "git",
                "url": "https://github.com/uxsolutions/bootstrap-datepicker.git",
                "reference": "dd810c5a88df0f0f092cbb74dd6b02f47e4e6a2e"
            },
            "dist": {
                "type": "zip",
                "url": "https://api.github.com/repos/uxsolutions/bootstrap-datepicker/zipball/dd810c5a88df0f0f092cbb74dd6b02f47e4e6a2e",
                "reference": "dd810c5a88df0f0f092cbb74dd6b02f47e4e6a2e",
                "shasum": ""
            },
            "require": {
                "components/bootstrap": ">=3.0, <4.0",
                "components/jquery": ">=1.7.1",
                "robloach/component-installer": "*"
            },
            "type": "component",
            "extra": {
                "component": {
                    "scripts": [
                        "js/bootstrap-datepicker.js"
                    ],
                    "styles": [
                        "dist/css/bootstrap-datepicker.css",
                        "dist/css/bootstrap-datepicker3.css"
                    ],
                    "files": [
                        "js/locales/bootstrap-datepicker.*.js"
                    ]
                }
            },
            "notification-url": "https://packagist.org/downloads/",
            "license": [
                "Apache-2.0"
            ],
            "authors": [
                {
                    "name": "Andrew Rowls",
                    "email": "eternicode@gmail.com"
                },
                {
                    "name": "Community",
                    "homepage": "https://github.com/eternicode/bootstrap-datepicker/contributors"
                }
            ],
            "description": "A datepicker for Bootstrap forked from Stefan Petre's (of eyecon.ro)",
            "keywords": [
                "bootstrap",
                "datepicker"
            ],
            "time": "2015-10-04T18:37:06+00:00"
        },
        {
            "name": "ircmaxell/password-compat",
            "version": "v1.0.4",
            "source": {
                "type": "git",
                "url": "https://github.com/ircmaxell/password_compat.git",
                "reference": "5c5cde8822a69545767f7c7f3058cb15ff84614c"
            },
            "dist": {
                "type": "zip",
                "url": "https://api.github.com/repos/ircmaxell/password_compat/zipball/5c5cde8822a69545767f7c7f3058cb15ff84614c",
                "reference": "5c5cde8822a69545767f7c7f3058cb15ff84614c",
                "shasum": ""
            },
            "require-dev": {
                "phpunit/phpunit": "4.*"
            },
            "type": "library",
            "autoload": {
                "files": [
                    "lib/password.php"
                ]
            },
            "notification-url": "https://packagist.org/downloads/",
            "license": [
                "MIT"
            ],
            "authors": [
                {
                    "name": "Anthony Ferrara",
                    "email": "ircmaxell@php.net",
                    "homepage": "http://blog.ircmaxell.com"
                }
            ],
            "description": "A compatibility library for the proposed simplified password hashing algorithm: https://wiki.php.net/rfc/password_hash",
            "homepage": "https://github.com/ircmaxell/password_compat",
            "keywords": [
                "hashing",
                "password"
            ],
            "time": "2014-11-20T16:49:30+00:00"
        },
        {
            "name": "kriswallsmith/assetic",
            "version": "v1.4.0",
            "source": {
                "type": "git",
                "url": "https://github.com/kriswallsmith/assetic.git",
                "reference": "e911c437dbdf006a8f62c2f59b15b2d69a5e0aa1"
            },
            "dist": {
                "type": "zip",
                "url": "https://api.github.com/repos/kriswallsmith/assetic/zipball/e911c437dbdf006a8f62c2f59b15b2d69a5e0aa1",
                "reference": "e911c437dbdf006a8f62c2f59b15b2d69a5e0aa1",
                "shasum": ""
            },
            "require": {
                "php": ">=5.3.1",
                "symfony/process": "~2.1|~3.0"
            },
            "conflict": {
                "twig/twig": "<1.27"
            },
            "require-dev": {
                "leafo/lessphp": "^0.3.7",
                "leafo/scssphp": "~0.1",
                "meenie/javascript-packer": "^1.1",
                "mrclay/minify": "<2.3",
                "natxet/cssmin": "3.0.4",
                "patchwork/jsqueeze": "~1.0|~2.0",
                "phpunit/phpunit": "~4.8 || ^5.6",
                "psr/log": "~1.0",
                "ptachoire/cssembed": "~1.0",
                "symfony/phpunit-bridge": "~2.7|~3.0",
                "twig/twig": "~1.23|~2.0",
                "yfix/packager": "dev-master"
            },
            "suggest": {
                "leafo/lessphp": "Assetic provides the integration with the lessphp LESS compiler",
                "leafo/scssphp": "Assetic provides the integration with the scssphp SCSS compiler",
                "leafo/scssphp-compass": "Assetic provides the integration with the SCSS compass plugin",
                "patchwork/jsqueeze": "Assetic provides the integration with the JSqueeze JavaScript compressor",
                "ptachoire/cssembed": "Assetic provides the integration with phpcssembed to embed data uris",
                "twig/twig": "Assetic provides the integration with the Twig templating engine"
            },
            "type": "library",
            "extra": {
                "branch-alias": {
                    "dev-master": "1.4-dev"
                }
            },
            "autoload": {
                "psr-0": {
                    "Assetic": "src/"
                },
                "files": [
                    "src/functions.php"
                ]
            },
            "notification-url": "https://packagist.org/downloads/",
            "license": [
                "MIT"
            ],
            "authors": [
                {
                    "name": "Kris Wallsmith",
                    "email": "kris.wallsmith@gmail.com",
                    "homepage": "http://kriswallsmith.net/"
                }
            ],
            "description": "Asset Management for PHP",
            "homepage": "https://github.com/kriswallsmith/assetic",
            "keywords": [
                "assets",
                "compression",
                "minification"
            ],
            "time": "2016-11-11T18:43:20+00:00"
        },
        {
            "name": "michelf/php-markdown",
            "version": "1.4.1",
            "source": {
                "type": "git",
                "url": "https://github.com/michelf/php-markdown.git",
                "reference": "de9a19c7bf352d41cc99ed86c3c0ef17e87394b6"
            },
            "dist": {
                "type": "zip",
                "url": "https://api.github.com/repos/michelf/php-markdown/zipball/de9a19c7bf352d41cc99ed86c3c0ef17e87394b6",
                "reference": "de9a19c7bf352d41cc99ed86c3c0ef17e87394b6",
                "shasum": ""
            },
            "require": {
                "php": ">=5.3.0"
            },
            "type": "library",
            "extra": {
                "branch-alias": {
                    "dev-lib": "1.4.x-dev"
                }
            },
            "autoload": {
                "psr-0": {
                    "Michelf": ""
                }
            },
            "notification-url": "https://packagist.org/downloads/",
            "license": [
                "BSD-3-Clause"
            ],
            "authors": [
                {
                    "name": "Michel Fortin",
                    "email": "michel.fortin@michelf.ca",
                    "homepage": "http://michelf.ca/",
                    "role": "Developer"
                },
                {
                    "name": "John Gruber",
                    "homepage": "http://daringfireball.net/"
                }
            ],
            "description": "PHP Markdown",
            "homepage": "http://michelf.ca/projects/php-markdown/",
            "keywords": [
                "markdown"
            ],
            "time": "2014-05-05T02:43:50+00:00"
        },
        {
            "name": "nesbot/carbon",
            "version": "1.13.0",
            "source": {
                "type": "git",
                "url": "https://github.com/briannesbitt/Carbon.git",
                "reference": "5cb6e71055f7b0b57956b73d324cc4de31278f42"
            },
            "dist": {
                "type": "zip",
                "url": "https://api.github.com/repos/briannesbitt/Carbon/zipball/5cb6e71055f7b0b57956b73d324cc4de31278f42",
                "reference": "5cb6e71055f7b0b57956b73d324cc4de31278f42",
                "shasum": ""
            },
            "require": {
                "php": ">=5.3.0"
            },
            "require-dev": {
                "phpunit/phpunit": "~4.0"
            },
            "type": "library",
            "autoload": {
                "psr-0": {
                    "Carbon": "src"
                }
            },
            "notification-url": "https://packagist.org/downloads/",
            "license": [
                "MIT"
            ],
            "authors": [
                {
                    "name": "Brian Nesbitt",
                    "email": "brian@nesbot.com",
                    "homepage": "http://nesbot.com"
                }
            ],
            "description": "A simple API extension for DateTime.",
            "homepage": "https://github.com/briannesbitt/Carbon",
            "keywords": [
                "date",
                "datetime",
                "time"
            ],
            "time": "2014-09-26T02:52:02+00:00"
        },
        {
            "name": "pear/archive_tar",
            "version": "1.4.3",
            "source": {
                "type": "git",
                "url": "https://github.com/pear/Archive_Tar.git",
                "reference": "43455c960da70e655c6bdf8ea2bc8cc1a6034afb"
            },
            "dist": {
                "type": "zip",
                "url": "https://api.github.com/repos/pear/Archive_Tar/zipball/43455c960da70e655c6bdf8ea2bc8cc1a6034afb",
                "reference": "43455c960da70e655c6bdf8ea2bc8cc1a6034afb",
                "shasum": ""
            },
            "require": {
                "pear/pear-core-minimal": "^1.10.0alpha2",
                "php": ">=5.2.0"
            },
            "require-dev": {
                "phpunit/phpunit": "*"
            },
            "suggest": {
                "ext-bz2": "bz2 compression support.",
                "ext-xz": "lzma2 compression support.",
                "ext-zlib": "Gzip compression support."
            },
            "type": "library",
            "extra": {
                "branch-alias": {
                    "dev-master": "1.4.x-dev"
                }
            },
            "autoload": {
                "psr-0": {
                    "Archive_Tar": ""
                }
            },
            "notification-url": "https://packagist.org/downloads/",
            "include-path": [
                "./"
            ],
            "license": [
                "BSD-3-Clause"
            ],
            "authors": [
                {
                    "name": "Vincent Blavet",
                    "email": "vincent@phpconcept.net"
                },
                {
                    "name": "Greg Beaver",
                    "email": "greg@chiaraquartet.net"
                },
                {
                    "name": "Michiel Rook",
                    "email": "mrook@php.net"
                }
            ],
            "description": "Tar file management class",
            "homepage": "https://github.com/pear/Archive_Tar",
            "keywords": [
                "archive",
                "tar"
            ],
            "time": "2017-06-11T17:28:11+00:00"
        },
        {
            "name": "pear/console_getopt",
            "version": "v1.4.1",
            "source": {
                "type": "git",
                "url": "https://github.com/pear/Console_Getopt.git",
                "reference": "82f05cd1aa3edf34e19aa7c8ca312ce13a6a577f"
            },
            "dist": {
                "type": "zip",
                "url": "https://api.github.com/repos/pear/Console_Getopt/zipball/82f05cd1aa3edf34e19aa7c8ca312ce13a6a577f",
                "reference": "82f05cd1aa3edf34e19aa7c8ca312ce13a6a577f",
                "shasum": ""
            },
            "type": "library",
            "autoload": {
                "psr-0": {
                    "Console": "./"
                }
            },
            "notification-url": "https://packagist.org/downloads/",
            "include-path": [
                "./"
            ],
            "license": [
                "BSD-2-Clause"
            ],
            "authors": [
                {
                    "name": "Greg Beaver",
                    "email": "cellog@php.net",
                    "role": "Helper"
                },
                {
                    "name": "Andrei Zmievski",
                    "email": "andrei@php.net",
                    "role": "Lead"
                },
                {
                    "name": "Stig Bakken",
                    "email": "stig@php.net",
                    "role": "Developer"
                }
            ],
            "description": "More info available on: http://pear.php.net/package/Console_Getopt",
            "time": "2015-07-20T20:28:12+00:00"
        },
        {
            "name": "pear/pear",
            "version": "v1.10.4",
            "source": {
                "type": "git",
                "url": "https://github.com/pear/pear-core.git",
                "reference": "5dbc302510232a3ea7165f874c1c8bf9c40b8d66"
            },
            "dist": {
                "type": "zip",
                "url": "https://api.github.com/repos/pear/pear-core/zipball/5dbc302510232a3ea7165f874c1c8bf9c40b8d66",
                "reference": "5dbc302510232a3ea7165f874c1c8bf9c40b8d66",
                "shasum": ""
            },
            "require": {
                "ext-pcre": "*",
                "ext-xml": "*",
                "pear/archive_tar": "*",
                "pear/console_getopt": "*",
                "pear/structures_graph": "*",
                "pear/xml_util": "*"
            },
            "provide": {
                "pear/pear-core-minimal": "*"
            },
            "require-dev": {
                "phpunit/phpunit": "*"
            },
            "suggest": {
                "pear/pear_frontend_gtk": "For GTK support",
                "pear/pear_frontend_web": "For Web support"
            },
            "type": "library",
            "autoload": {
                "classmap": [
                    "./"
                ]
            },
            "notification-url": "https://packagist.org/downloads/",
            "include-path": [
                "./"
            ],
            "license": [
                "BSD-2-Clause"
            ],
            "authors": [
                {
                    "name": "Helgi Thormar",
                    "email": "dufuz@php.net",
                    "role": "Lead"
                },
                {
                    "name": "Martin Jansen",
                    "email": "mj@php.net",
                    "role": "Helper"
                },
                {
                    "name": "Stig Bakken",
                    "email": "stig@php.net",
                    "role": "Lead"
                },
                {
                    "name": "Pierre-Alain Joye",
                    "email": "pierre@php.net",
                    "role": "Lead"
                },
                {
                    "name": "Tias Guns",
                    "email": "tias@php.net",
                    "role": "Developer"
                },
                {
                    "name": "Tim Jackson",
                    "email": "timj@php.net",
                    "role": "Helper"
                },
                {
                    "name": "Bertrand Gugger",
                    "email": "toggg@php.net",
                    "role": "Helper"
                },
                {
                    "name": "Greg Beaver",
                    "email": "cellog@php.net",
                    "role": "lead"
                },
                {
                    "name": "Tomas V.V.Cox",
                    "email": "cox@idecnet.com",
                    "role": "Lead"
                }
            ],
            "description": "This is the definitive source of PEAR's core files.",
            "time": "2017-04-26T18:31:32+00:00"
        },
        {
            "name": "pear/pear-core-minimal",
            "version": "v1.10.3",
            "source": {
                "type": "git",
                "url": "https://github.com/pear/pear-core-minimal.git",
                "reference": "070f0b600b2caca2501e2c9b7e553016e4b0d115"
            },
            "dist": {
                "type": "zip",
                "url": "https://api.github.com/repos/pear/pear-core-minimal/zipball/070f0b600b2caca2501e2c9b7e553016e4b0d115",
                "reference": "070f0b600b2caca2501e2c9b7e553016e4b0d115",
                "shasum": ""
            },
            "require": {
                "pear/console_getopt": "~1.4",
                "pear/pear_exception": "~1.0"
            },
            "replace": {
                "rsky/pear-core-min": "self.version"
            },
            "type": "library",
            "autoload": {
                "psr-0": {
                    "": "src/"
                }
            },
            "notification-url": "https://packagist.org/downloads/",
            "include-path": [
                "src/"
            ],
            "license": [
                "BSD-3-Clause"
            ],
            "authors": [
                {
                    "name": "Christian Weiske",
                    "email": "cweiske@php.net",
                    "role": "Lead"
                }
            ],
            "description": "Minimal set of PEAR core files to be used as composer dependency",
            "time": "2017-02-28T16:46:11+00:00"
        },
        {
            "name": "pear/pear_exception",
            "version": "v1.0.0",
            "source": {
                "type": "git",
                "url": "https://github.com/pear/PEAR_Exception.git",
                "reference": "8c18719fdae000b690e3912be401c76e406dd13b"
            },
            "dist": {
                "type": "zip",
                "url": "https://api.github.com/repos/pear/PEAR_Exception/zipball/8c18719fdae000b690e3912be401c76e406dd13b",
                "reference": "8c18719fdae000b690e3912be401c76e406dd13b",
                "shasum": ""
            },
            "require": {
                "php": ">=4.4.0"
            },
            "require-dev": {
                "phpunit/phpunit": "*"
            },
            "type": "class",
            "extra": {
                "branch-alias": {
                    "dev-master": "1.0.x-dev"
                }
            },
            "autoload": {
                "psr-0": {
                    "PEAR": ""
                }
            },
            "notification-url": "https://packagist.org/downloads/",
            "include-path": [
                "."
            ],
            "license": [
                "BSD-2-Clause"
            ],
            "authors": [
                {
                    "name": "Helgi Thormar",
                    "email": "dufuz@php.net"
                },
                {
                    "name": "Greg Beaver",
                    "email": "cellog@php.net"
                }
            ],
            "description": "The PEAR Exception base class.",
            "homepage": "https://github.com/pear/PEAR_Exception",
            "keywords": [
                "exception"
            ],
            "time": "2015-02-10T20:07:52+00:00"
        },
        {
            "name": "pear/structures_graph",
            "version": "v1.1.1",
            "source": {
                "type": "git",
                "url": "https://github.com/pear/Structures_Graph.git",
                "reference": "608fdc835a62fb238e61bd1cf0aaf6c7a4420b5c"
            },
            "dist": {
                "type": "zip",
                "url": "https://api.github.com/repos/pear/Structures_Graph/zipball/608fdc835a62fb238e61bd1cf0aaf6c7a4420b5c",
                "reference": "608fdc835a62fb238e61bd1cf0aaf6c7a4420b5c",
                "shasum": ""
            },
            "type": "library",
            "autoload": {
                "psr-0": {
                    "Structures": "./"
                }
            },
            "notification-url": "https://packagist.org/downloads/",
            "include-path": [
                "./"
            ],
            "license": [
                "PHP License"
            ],
            "authors": [
                {
                    "name": "Sérgio Carvalho",
                    "email": "sergiosgc@gmail.com",
                    "role": "Lead"
                }
            ],
            "description": "More info available on: http://pear.php.net/package/Structures_Graph",
            "time": "2015-07-20T20:05:12+00:00"
        },
        {
            "name": "pear/xml_util",
            "version": "v1.4.3",
            "source": {
                "type": "git",
                "url": "https://github.com/pear/XML_Util.git",
                "reference": "c74278d925be9c2f7d39955cdce45d8275571a1d"
            },
            "dist": {
                "type": "zip",
                "url": "https://api.github.com/repos/pear/XML_Util/zipball/c74278d925be9c2f7d39955cdce45d8275571a1d",
                "reference": "c74278d925be9c2f7d39955cdce45d8275571a1d",
                "shasum": ""
            },
            "require": {
                "pear/pear-core-minimal": "^1.10.1",
                "php": ">=5.4"
            },
            "require-dev": {
                "phpunit/phpunit": "@stable"
            },
            "type": "library",
            "autoload": {
                "psr-0": {
                    "XML_Util": "./"
                }
            },
            "notification-url": "https://packagist.org/downloads/",
            "include-path": [
                "./"
            ],
            "license": [
                "BSD-3-Clause"
            ],
            "authors": [
                {
                    "name": "Stephan Schmidt",
                    "email": "schst@php-tools.net",
                    "role": "Lead"
                },
                {
                    "name": "Chuck Burgess",
                    "email": "ashnazg@php.net",
                    "role": "Lead"
                },
                {
                    "name": "Davey Shafik",
                    "email": "davey@php.net",
                    "role": "Helper"
                }
            ],
            "description": "Methods to work with XML documents",
            "homepage": "http://pear.php.net/package/XML_Util",
            "time": "2017-06-28T19:21:19+00:00"
        },
        {
            "name": "phpmailer/phpmailer",
            "version": "v5.2.6",
            "source": {
                "type": "git",
                "url": "https://github.com/PHPMailer/PHPMailer.git",
                "reference": "4d9434e394496a5bb7acd9e73046587184b413df"
            },
            "dist": {
                "type": "zip",
                "url": "https://api.github.com/repos/PHPMailer/PHPMailer/zipball/4d9434e394496a5bb7acd9e73046587184b413df",
                "reference": "4d9434e394496a5bb7acd9e73046587184b413df",
                "shasum": ""
            },
            "require": {
                "php": ">=5.0.0"
            },
            "require-dev": {
                "phpdocumentor/phpdocumentor": "*",
                "phpunit/phpunit": "*"
            },
            "type": "library",
            "autoload": {
                "classmap": [
                    "class.phpmailer.php",
                    "class.pop3.php",
                    "class.smtp.php"
                ]
            },
            "notification-url": "https://packagist.org/downloads/",
            "license": [
                "LGPL-2.1"
            ],
            "authors": [
                {
                    "name": "Jim Jagielski",
                    "email": "jimjag@gmail.com"
                },
                {
                    "name": "Marcus Bointon",
                    "email": "phpmailer@synchromedia.co.uk"
                },
                {
                    "name": "Andy Prevost",
                    "email": "codeworxtech@users.sourceforge.net"
                },
                {
                    "name": "Brent R. Matzelle"
                }
            ],
            "description": "PHPMailer is a full-featured email creation and transfer class for PHP",
            "time": "2013-04-11T16:45:39+00:00"
        },
        {
            "name": "psr/log",
            "version": "1.0.0",
            "source": {
                "type": "git",
                "url": "https://github.com/php-fig/log.git",
                "reference": "fe0936ee26643249e916849d48e3a51d5f5e278b"
            },
            "dist": {
                "type": "zip",
                "url": "https://api.github.com/repos/php-fig/log/zipball/fe0936ee26643249e916849d48e3a51d5f5e278b",
                "reference": "fe0936ee26643249e916849d48e3a51d5f5e278b",
                "shasum": ""
            },
            "type": "library",
            "autoload": {
                "psr-0": {
                    "Psr\\Log\\": ""
                }
            },
            "notification-url": "https://packagist.org/downloads/",
            "license": [
                "MIT"
            ],
            "authors": [
                {
                    "name": "PHP-FIG",
                    "homepage": "http://www.php-fig.org/"
                }
            ],
            "description": "Common interface for logging libraries",
            "keywords": [
                "log",
                "psr",
                "psr-3"
            ],
            "time": "2012-12-21T11:40:51+00:00"
        },
        {
            "name": "robloach/component-installer",
            "version": "0.2.3",
            "source": {
                "type": "git",
                "url": "https://github.com/RobLoach/component-installer.git",
                "reference": "908a859aa7c4949ba9ad67091e67bac10b66d3d7"
            },
            "dist": {
                "type": "zip",
                "url": "https://api.github.com/repos/RobLoach/component-installer/zipball/908a859aa7c4949ba9ad67091e67bac10b66d3d7",
                "reference": "908a859aa7c4949ba9ad67091e67bac10b66d3d7",
                "shasum": ""
            },
            "require": {
                "composer-plugin-api": "^1.0",
                "kriswallsmith/assetic": "1.*",
                "php": ">=5.3.2"
            },
            "require-dev": {
                "composer/composer": "1.*@alpha",
                "phpunit/phpunit": "4.*"
            },
            "type": "composer-plugin",
            "extra": {
                "branch-alias": {
                    "dev-master": "1.0.x-dev"
                },
                "class": "ComponentInstaller\\ComponentInstallerPlugin"
            },
            "autoload": {
                "psr-0": {
                    "ComponentInstaller": "src/"
                }
            },
            "notification-url": "https://packagist.org/downloads/",
            "license": [
                "MIT"
            ],
            "authors": [
                {
                    "name": "Rob Loach",
                    "homepage": "http://robloach.net"
                }
            ],
            "description": "Allows installation of Components via Composer.",
            "time": "2015-08-10T12:35:38+00:00"
        },
        {
            "name": "symfony/process",
            "version": "v3.4.11",
            "source": {
                "type": "git",
                "url": "https://github.com/symfony/process.git",
                "reference": "4cbf2db9abcb01486a21b7a059e03a62fae63187"
            },
            "dist": {
                "type": "zip",
                "url": "https://api.github.com/repos/symfony/process/zipball/4cbf2db9abcb01486a21b7a059e03a62fae63187",
                "reference": "4cbf2db9abcb01486a21b7a059e03a62fae63187",
                "shasum": ""
            },
            "require": {
                "php": "^5.5.9|>=7.0.8"
            },
            "type": "library",
            "extra": {
                "branch-alias": {
                    "dev-master": "3.4-dev"
                }
            },
            "autoload": {
                "psr-4": {
                    "Symfony\\Component\\Process\\": ""
                },
                "exclude-from-classmap": [
                    "/Tests/"
                ]
            },
            "notification-url": "https://packagist.org/downloads/",
            "license": [
                "MIT"
            ],
            "authors": [
                {
                    "name": "Fabien Potencier",
                    "email": "fabien@symfony.com"
                },
                {
                    "name": "Symfony Community",
                    "homepage": "https://symfony.com/contributors"
                }
            ],
            "description": "Symfony Process Component",
            "homepage": "https://symfony.com",
            "time": "2018-05-16T08:49:21+00:00"
        },
        {
            "name": "zendframework/zendframework",
            "version": "2.0.0",
            "source": {
                "type": "git",
                "url": "https://github.com/zendframework/zendframework.git",
                "reference": "a9c0f7bf4ab7c12177972cc204ffef50a4ebb129"
            },
            "dist": {
                "type": "zip",
                "url": "https://api.github.com/repos/zendframework/zendframework/zipball/a9c0f7bf4ab7c12177972cc204ffef50a4ebb129",
                "reference": "a9c0f7bf4ab7c12177972cc204ffef50a4ebb129",
                "shasum": ""
            },
            "require": {
                "php": ">=5.3.3"
            },
            "replace": {
                "zendframework/zend-acl": "self.version",
                "zendframework/zend-authentication": "self.version",
                "zendframework/zend-barcode": "self.version",
                "zendframework/zend-cache": "self.version",
                "zendframework/zend-captcha": "self.version",
                "zendframework/zend-code": "self.version",
                "zendframework/zend-config": "self.version",
                "zendframework/zend-console": "self.version",
                "zendframework/zend-crypt": "self.version",
                "zendframework/zend-db": "self.version",
                "zendframework/zend-di": "self.version",
                "zendframework/zend-dom": "self.version",
                "zendframework/zend-escaper": "self.version",
                "zendframework/zend-eventmanager": "self.version",
                "zendframework/zend-feed": "self.version",
                "zendframework/zend-file": "self.version",
                "zendframework/zend-filter": "self.version",
                "zendframework/zend-form": "self.version",
                "zendframework/zend-http": "self.version",
                "zendframework/zend-i18n": "self.version",
                "zendframework/zend-inputfilter": "self.version",
                "zendframework/zend-json": "self.version",
                "zendframework/zend-ldap": "self.version",
                "zendframework/zend-loader": "self.version",
                "zendframework/zend-log": "self.version",
                "zendframework/zend-mail": "self.version",
                "zendframework/zend-markup": "self.version",
                "zendframework/zend-math": "self.version",
                "zendframework/zend-memory": "self.version",
                "zendframework/zend-mime": "self.version",
                "zendframework/zend-modulemanager": "self.version",
                "zendframework/zend-mvc": "self.version",
                "zendframework/zend-navigation": "self.version",
                "zendframework/zend-paginator": "self.version",
                "zendframework/zend-progressbar": "self.version",
                "zendframework/zend-serializer": "self.version",
                "zendframework/zend-server": "self.version",
                "zendframework/zend-servicemanager": "self.version",
                "zendframework/zend-session": "self.version",
                "zendframework/zend-soap": "self.version",
                "zendframework/zend-stdlib": "self.version",
                "zendframework/zend-tag": "self.version",
                "zendframework/zend-text": "self.version",
                "zendframework/zend-uri": "self.version",
                "zendframework/zend-validator": "self.version",
                "zendframework/zend-view": "self.version",
                "zendframework/zend-xmlrpc": "self.version"
            },
            "require-dev": {
                "doctrine/common": ">=2.1"
            },
            "suggest": {
                "doctrine/common": "Doctrine\\Common >=2.1 for annotation features",
                "ext-intl": "ext/intl for i18n features",
                "pecl-weakref": "Implementation of weak references for Zend\\Stdlib\\CallbackHandler",
                "zendframework/zendpdf": "ZendPdf for creating PDF representations of barcodes",
                "zendframework/zendservice-recaptcha": "ZendService\\ReCaptcha for rendering ReCaptchas in Zend\\Captcha and/or Zend\\Form"
            },
            "type": "library",
            "extra": {
                "branch-alias": {
                    "dev-master": "2.0-dev"
                }
            },
            "autoload": {
                "psr-0": {
                    "Zend\\": "library/",
                    "ZendTest\\": "tests/"
                }
            },
            "notification-url": "https://packagist.org/downloads/",
            "license": [
                "BSD-3-Clause"
            ],
            "description": "Zend Framework 2",
            "homepage": "http://framework.zend.com/",
            "keywords": [
                "framework",
                "zf2"
            ],
            "time": "2012-09-04T23:02:46+00:00"
        }
    ],
    "packages-dev": [],
    "aliases": [],
    "minimum-stability": "stable",
    "stability-flags": {
        "eternicode/bootstrap-datepicker": 5
    },
    "prefer-stable": false,
    "prefer-lowest": false,
    "platform": [],
    "platform-dev": []
}
