# THIS IS AN AUTOGENERATED FILE. DO NOT EDIT THIS FILE DIRECTLY.
# yarn lockfile v1


"@types/jquery.timeago@1.0.29":
  version "1.0.29"
  resolved "https://registry.yarnpkg.com/@types/jquery.timeago/-/jquery.timeago-1.0.29.tgz#d6fe3974c885552e565da7fd100c3d7acfe0dd84"
  dependencies:
    "@types/jquery" "*"

"@types/jquery@*":
  version "3.3.2"
  resolved "https://registry.yarnpkg.com/@types/jquery/-/jquery-3.3.2.tgz#8700226bdde24b6f98e3a60126dbaab3b2a3ab41"

abbrev@1:
  version "1.1.1"
  resolved "https://registry.yarnpkg.com/abbrev/-/abbrev-1.1.1.tgz#f8f2c887ad10bf67f634f005b6987fed3179aac8"

ajv@^5.0.0:
  version "5.5.2"
  resolved "https://registry.yarnpkg.com/ajv/-/ajv-5.5.2.tgz#73b5eeca3fab653e3d3f9422b341ad42205dc965"
  dependencies:
    co "^4.6.0"
    fast-deep-equal "^1.0.0"
    fast-json-stable-stringify "^2.0.0"
    json-schema-traverse "^0.3.0"

angular@1.4.5:
  version "1.4.5"
  resolved "https://registry.yarnpkg.com/angular/-/angular-1.4.5.tgz#399bacd6f1bf37742b507b7d8d0672140602db39"

autosize@1.18.13:
  version "1.18.13"
  resolved "https://registry.yarnpkg.com/autosize/-/autosize-1.18.13.tgz#ee58cff0ed9dcd50c1ff107e72e954031c9197bf"
  dependencies:
    jquery ">=1.7"

balanced-match@^1.0.0:
  version "1.0.0"
  resolved "https://registry.yarnpkg.com/balanced-match/-/balanced-match-1.0.0.tgz#89b4d199ab2bee49de164ea02b89ce462d71b767"

big.js@^3.1.3:
  version "3.2.0"
  resolved "https://registry.yarnpkg.com/big.js/-/big.js-3.2.0.tgz#a5fc298b81b9e0dca2e458824784b65c52ba588e"

bootbox.js@4.3.0:
  version "4.3.0"
  resolved "https://registry.yarnpkg.com/bootbox.js/-/bootbox.js-4.3.0.tgz#b0a3d1ab3b3810f1509d49bb793e8ae310b7776c"

bootstrap-daterangepicker@2.0.6:
  version "2.0.6"
  resolved "https://registry.yarnpkg.com/bootstrap-daterangepicker/-/bootstrap-daterangepicker-2.0.6.tgz#5e977c1f59c542c62e0763eb37f484143182f48e"
  dependencies:
    jquery "^1.10"
    moment "^2.9.0"

bootstrap-notify@3.1.3:
  version "3.1.3"
  resolved "https://registry.yarnpkg.com/bootstrap-notify/-/bootstrap-notify-3.1.3.tgz#7e98b3a696cf452a7b56727f0b3316a90037c10b"

bootstrap-switch@3.3.2:
  version "3.3.2"
  resolved "https://registry.yarnpkg.com/bootstrap-switch/-/bootstrap-switch-3.3.2.tgz#79ddb49fadc308fb731e257f95957af48996eea7"
  dependencies:
    jquery ">=1.9.0"

bootstrap@3.3.0:
  version "3.3.0"
  resolved "https://registry.yarnpkg.com/bootstrap/-/bootstrap-3.3.0.tgz#27d83ec81c51b3f86d20cf610ded3724e4b7ace3"

bootstrap@~3.3.5:
  version "3.3.7"
  resolved "https://registry.yarnpkg.com/bootstrap/-/bootstrap-3.3.7.tgz#5a389394549f23330875a3b150656574f8a9eb71"

brace-expansion@^1.1.7:
  version "1.1.11"
  resolved "https://registry.yarnpkg.com/brace-expansion/-/brace-expansion-1.1.11.tgz#3c7fcbf529d87226f3d2f52b966ff5271eb441dd"
  dependencies:
    balanced-match "^1.0.0"
    concat-map "0.0.1"

bxslider@4.2.13:
  version "4.2.13"
  resolved "https://registry.yarnpkg.com/bxslider/-/bxslider-4.2.13.tgz#4fcc136a5c2c9719690b9ea1fd16e929e1c7cfc0"

ckeditor@4.5.6:
  version "4.5.6"
  resolved "https://registry.yarnpkg.com/ckeditor/-/ckeditor-4.5.6.tgz#63b6afeb5a4901c3ceff774915e141a71fb74649"

co@^4.6.0:
  version "4.6.0"
  resolved "https://registry.yarnpkg.com/co/-/co-4.6.0.tgz#6ea6bdf3d853ae54ccb8e47bfa0bf3f9031fb184"

concat-map@0.0.1:
  version "0.0.1"
  resolved "https://registry.yarnpkg.com/concat-map/-/concat-map-0.0.1.tgz#d8a96bd77fd68df7793a73036a3ba0d5405d477b"

emojis-list@^2.0.0:
  version "2.1.0"
  resolved "https://registry.yarnpkg.com/emojis-list/-/emojis-list-2.1.0.tgz#4daa4d9db00f9819880c79fa457ae5b09a1fd389"

ev-emitter@^1.0.0:
  version "1.1.1"
  resolved "https://registry.yarnpkg.com/ev-emitter/-/ev-emitter-1.1.1.tgz#8f18b0ce5c76a5d18017f71c0a795c65b9138f2a"

fast-deep-equal@^1.0.0:
  version "1.1.0"
  resolved "https://registry.yarnpkg.com/fast-deep-equal/-/fast-deep-equal-1.1.0.tgz#c053477817c86b51daa853c81e059b733d023614"

fast-json-stable-stringify@^2.0.0:
  version "2.0.0"
  resolved "https://registry.yarnpkg.com/fast-json-stable-stringify/-/fast-json-stable-stringify-2.0.0.tgz#d5142c0caee6b1189f87d3a76111064f86c8bbf2"

findup-sync@~0.3.0:
  version "0.3.0"
  resolved "https://registry.yarnpkg.com/findup-sync/-/findup-sync-0.3.0.tgz#37930aa5d816b777c03445e1966cc6790a4c0b16"
  dependencies:
    glob "~5.0.0"

fullcalendar@3.1.0:
  version "3.1.0"
  resolved "https://registry.yarnpkg.com/fullcalendar/-/fullcalendar-3.1.0.tgz#c81286ce00876294b2d3dba2d811ee33a8843917"
  dependencies:
    jquery ">=2.0.0"
    moment ">=2.9.0"

glob@~5.0.0:
  version "5.0.15"
  resolved "https://registry.yarnpkg.com/glob/-/glob-5.0.15.tgz#1bc936b9e02f4a603fcc222ecf7633d30b8b93b1"
  dependencies:
    inflight "^1.0.4"
    inherits "2"
    minimatch "2 || 3"
    once "^1.3.0"
    path-is-absolute "^1.0.0"

gridster@0.5.6:
  version "0.5.6"
  resolved "https://registry.yarnpkg.com/gridster/-/gridster-0.5.6.tgz#4024713aabd559093a72e9b713f1e41f9bded76f"
  dependencies:
    jquery "git+https://github.com/jquery/jquery.git#2.0.3"

grunt-cli@^1.2.0:
  version "1.2.0"
  resolved "https://registry.yarnpkg.com/grunt-cli/-/grunt-cli-1.2.0.tgz#562b119ebb069ddb464ace2845501be97b35b6a8"
  dependencies:
    findup-sync "~0.3.0"
    grunt-known-options "~1.1.0"
    nopt "~3.0.6"
    resolve "~1.1.0"

grunt-known-options@~1.1.0:
  version "1.1.0"
  resolved "https://registry.yarnpkg.com/grunt-known-options/-/grunt-known-options-1.1.0.tgz#a4274eeb32fa765da5a7a3b1712617ce3b144149"

handsontable@0.23.0:
  version "0.23.0"
  resolved "https://registry.yarnpkg.com/handsontable/-/handsontable-0.23.0.tgz#c14e0d3396881b22a7e7bfaec14a60f62639dd3c"
  dependencies:
    moment "^2.9.0"
    pikaday "^1.3.2"
    zeroclipboard "^2.2.0"

html5shiv@3.7.3:
  version "3.7.3"
  resolved "https://registry.yarnpkg.com/html5shiv/-/html5shiv-3.7.3.tgz#d78a84a367bcb9a710100d57802c387b084631d2"

imagesloaded@>=3.0.0:
  version "4.1.4"
  resolved "https://registry.yarnpkg.com/imagesloaded/-/imagesloaded-4.1.4.tgz#1376efcd162bb768c34c3727ac89cc04051f3cc7"
  dependencies:
    ev-emitter "^1.0.0"

inflight@^1.0.4:
  version "1.0.6"
  resolved "https://registry.yarnpkg.com/inflight/-/inflight-1.0.6.tgz#49bd6331d7d02d0c09bc910a1075ba8165b56df9"
  dependencies:
    once "^1.3.0"
    wrappy "1"

inherits@2:
  version "2.0.3"
  resolved "https://registry.yarnpkg.com/inherits/-/inherits-2.0.3.tgz#633c2c83e3da42a502f52466022480f4208261de"

jasny-bootstrap@3.1.3:
  version "3.1.3"
  resolved "https://registry.yarnpkg.com/jasny-bootstrap/-/jasny-bootstrap-3.1.3.tgz#b072a681d50c649762c9543c7a6093d9baa2f87b"

jquery-slimscroll@1.3.3:
  version "1.3.3"
  resolved "https://registry.yarnpkg.com/jquery-slimscroll/-/jquery-slimscroll-1.3.3.tgz#60786588f5111c49178060a06a1766833e6c6ee6"

jquery-textcomplete@1.8.4:
  version "1.8.4"
  resolved "https://registry.yarnpkg.com/jquery-textcomplete/-/jquery-textcomplete-1.8.4.tgz#6307cf538d3efec23e8e21d10c560cd75e55bf5c"
  dependencies:
    grunt-cli "^1.2.0"

jquery-ui@1.12.1:
  version "1.12.1"
  resolved "https://registry.yarnpkg.com/jquery-ui/-/jquery-ui-1.12.1.tgz#bcb4045c8dd0539c134bc1488cdd3e768a7a9e51"

jquery-validation-bootstrap-tooltip@0.9.0:
  version "0.9.0"
  resolved "https://registry.yarnpkg.com/jquery-validation-bootstrap-tooltip/-/jquery-validation-bootstrap-tooltip-0.9.0.tgz#97fff0d5a7517ce7878b16bc81dc74fd13b312bf"
  dependencies:
    bootstrap "~3.3.5"
    jquery "~1.10"

jquery.daterangepicker@1.0.1:
  version "1.0.1"
  resolved "https://registry.yarnpkg.com/jquery.daterangepicker/-/jquery.daterangepicker-1.0.1.tgz#553de74261b4d13d4daeb34ec53b663dc993ba1d"

jquery.event.drag@2.2.1:
  version "2.2.1"
  resolved "https://registry.yarnpkg.com/jquery.event.drag/-/jquery.event.drag-2.2.1.tgz#f7f3d8a4fb8381896334d95836389e0b3efaa91e"

jquery@2.1.4:
  version "2.1.4"
  resolved "https://registry.yarnpkg.com/jquery/-/jquery-2.1.4.tgz#228bde698a0c61431dc2630a6a154f15890d2317"

jquery@>=1.6.0, jquery@>=1.7, jquery@>=1.9.0, jquery@>=2.0.0, jquery@~1.10:
  version "3.3.1"
  resolved "https://registry.yarnpkg.com/jquery/-/jquery-3.3.1.tgz#958ce29e81c9790f31be7792df5d4d95fc57fbca"

jquery@^1.10:
  version "1.12.4"
  resolved "https://registry.yarnpkg.com/jquery/-/jquery-1.12.4.tgz#01e1dfba290fe73deba77ceeacb0f9ba2fec9e0c"

"jquery@git+https://github.com/jquery/jquery.git#2.0.3":
  version "2.0.3"
  resolved "git+https://github.com/jquery/jquery.git#f852e631ba85af7da4ad7594785e122504e7b233"

json-schema-traverse@^0.3.0:
  version "0.3.1"
  resolved "https://registry.yarnpkg.com/json-schema-traverse/-/json-schema-traverse-0.3.1.tgz#349a6d44c53a51de89b40805c5d5e59b417d3340"

json5@^0.5.0:
  version "0.5.1"
  resolved "https://registry.yarnpkg.com/json5/-/json5-0.5.1.tgz#1eade7acc012034ad84e2396767ead9fa5495821"

less@1.3.0:
  version "1.3.0"
  resolved "https://registry.yarnpkg.com/less/-/less-1.3.0.tgz#5726170cb5661d7449942c78fb3a894d74e8103c"

loader-utils@^1.0.2:
  version "1.1.0"
  resolved "https://registry.yarnpkg.com/loader-utils/-/loader-utils-1.1.0.tgz#c98aef488bcceda2ffb5e2de646d6a754429f5cd"
  dependencies:
    big.js "^3.1.3"
    emojis-list "^2.0.0"
    json5 "^0.5.0"

malihu-custom-scrollbar-plugin@3.0.5:
  version "3.0.5"
  resolved "https://registry.yarnpkg.com/malihu-custom-scrollbar-plugin/-/malihu-custom-scrollbar-plugin-3.0.5.tgz#9fe257ad975f08f7722bdab36171a794216b975d"

"minimatch@2 || 3":
  version "3.0.4"
  resolved "https://registry.yarnpkg.com/minimatch/-/minimatch-3.0.4.tgz#5166e286457f03306064be5497e8dbb0c3d32083"
  dependencies:
    brace-expansion "^1.1.7"

moment-range@2.2.0:
  version "2.2.0"
  resolved "https://registry.yarnpkg.com/moment-range/-/moment-range-2.2.0.tgz#b02575778a4ac50a65777939f5c5d757f83fcd85"

moment@2.x, moment@>=2.9.0, moment@^2.9.0:
  version "2.22.2"
  resolved "https://registry.yarnpkg.com/moment/-/moment-2.22.2.tgz#3c257f9839fc0e93ff53149632239eb90783ff66"

node-ensure@^0.0.0:
  version "0.0.0"
  resolved "https://registry.yarnpkg.com/node-ensure/-/node-ensure-0.0.0.tgz#ecae764150de99861ec5c810fd5d096b183932a7"

node-viewerjs@0.6.6:
  version "0.6.6"
  resolved "https://registry.yarnpkg.com/node-viewerjs/-/node-viewerjs-0.6.6.tgz#1f9c0171508da788b67338a4204a60d664767602"
  dependencies:
    node-webodf "git://github.com/vandernorth/WebODF.git"
    pdfjs-dist "1.8"

"node-webodf@git://github.com/vandernorth/WebODF.git":
  version "0.5.11"
  resolved "git://github.com/vandernorth/WebODF.git#08c6b4120c1c8db45654563e7ea86ea48f91e20c"
  dependencies:
    xmldom "*"

nopt@~3.0.6:
  version "3.0.6"
  resolved "https://registry.yarnpkg.com/nopt/-/nopt-3.0.6.tgz#c6465dbf08abcd4db359317f79ac68a646b28ff9"
  dependencies:
    abbrev "1"

once@^1.3.0:
  version "1.4.0"
  resolved "https://registry.yarnpkg.com/once/-/once-1.4.0.tgz#583b1aa775961d4b113ac17d9c50baef9dd76bd1"
  dependencies:
    wrappy "1"

path-is-absolute@^1.0.0:
  version "1.0.1"
  resolved "https://registry.yarnpkg.com/path-is-absolute/-/path-is-absolute-1.0.1.tgz#174b9268735534ffbc7ace6bf53a5a9e1b5c5f5f"

pdfjs-dist@1.8:
  version "1.8.619"
  resolved "https://registry.yarnpkg.com/pdfjs-dist/-/pdfjs-dist-1.8.619.tgz#b7b15e1e0018743512632e5bd61b942ba72c453d"
  dependencies:
    node-ensure "^0.0.0"
    worker-loader "^0.8.0"

perfect-scrollbar@0.6.5-1:
  version "0.6.5-1"
  resolved "https://registry.yarnpkg.com/perfect-scrollbar/-/perfect-scrollbar-0.6.5-1.tgz#4d8182ce53fa1ee5582c267c4fc4415e222e0366"

pikaday@^1.3.2:
  version "1.7.0"
  resolved "https://registry.yarnpkg.com/pikaday/-/pikaday-1.7.0.tgz#78bf26e709f7c135b674762bbab79d75ac589ab6"
  optionalDependencies:
    moment "2.x"

qtip2@3.0.0:
  version "3.0.0"
  resolved "https://registry.yarnpkg.com/qtip2/-/qtip2-3.0.0.tgz#e01519d042c54382fad8662ac9dc892849374974"
  dependencies:
    imagesloaded ">=3.0.0"
    jquery ">=1.6.0"

resolve@~1.1.0:
  version "1.1.7"
  resolved "https://registry.yarnpkg.com/resolve/-/resolve-1.1.7.tgz#203114d82ad2c5ed9e8e0411b3932875e889e97b"

schema-utils@^0.3.0:
  version "0.3.0"
  resolved "https://registry.yarnpkg.com/schema-utils/-/schema-utils-0.3.0.tgz#f5877222ce3e931edae039f17eb3716e7137f8cf"
  dependencies:
    ajv "^5.0.0"

select2@3.5.1:
  version "3.5.1"
  resolved "https://registry.yarnpkg.com/select2/-/select2-3.5.1.tgz#f2819489bbc65fd6d328be72bbe2b95dd7e87cfe"

timepicker@1.8.2:
  version "1.8.2"
  resolved "https://registry.yarnpkg.com/timepicker/-/timepicker-1.8.2.tgz#7638e72b8a04fe6ceda92b012b6e16d3d4a7c177"
  dependencies:
    jquery ">=1.7"

webui-popover@1.2.2:
  version "1.2.2"
  resolved "https://registry.yarnpkg.com/webui-popover/-/webui-popover-1.2.2.tgz#590f5b547ad4a17723b27762f8795a496702a805"

worker-loader@^0.8.0:
  version "0.8.1"
  resolved "https://registry.yarnpkg.com/worker-loader/-/worker-loader-0.8.1.tgz#e8e995331ea34df5bf68296824bfb7f0ad578d43"
  dependencies:
    loader-utils "^1.0.2"
    schema-utils "^0.3.0"

wrappy@1:
  version "1.0.2"
  resolved "https://registry.yarnpkg.com/wrappy/-/wrappy-1.0.2.tgz#b5243d8f3ec1aa35f1364605bc0d1036e30ab69f"

xmldom@*:
  version "0.1.27"
  resolved "https://registry.yarnpkg.com/xmldom/-/xmldom-0.1.27.tgz#d501f97b3bdb403af8ef9ecc20573187aadac0e9"

zeroclipboard@^2.2.0:
  version "2.3.0"
  resolved "https://registry.yarnpkg.com/zeroclipboard/-/zeroclipboard-2.3.0.tgz#592ebd833a4308688b0739697d3dbf989002c9af"
